
Microsoft Visual Studio Solution File, Format Version 12.00
# Visual Studio Version 16
VisualStudioVersion = 16.0.31424.327
MinimumVisualStudioVersion = 10.0.40219.1
Project("{FAE04EC0-301F-11D3-BF4B-00C04F79EFBC}") = "6_gyak_GJYYX0", "6_gyak_GJYYX0\6_gyak_GJYYX0.csproj", "{C6C44B66-EA47-4FF9-9E60-D861F2852A22}"
EndProject
Global
	GlobalSection(SolutionConfigurationPlatforms) = preSolution
		Debug|Any CPU = Debug|Any CPU
		Release|Any CPU = Release|Any CPU
	EndGlobalSection
	GlobalSection(ProjectConfigurationPlatforms) = postSolution
		{C6C44B66-EA47-4FF9-9E60-D861F2852A22}.Debug|Any CPU.ActiveCfg = Debug|Any CPU
		{C6C44B66-EA47-4FF9-9E60-D861F2852A22}.Debug|Any CPU.Build.0 = Debug|Any CPU
		{C6C44B66-EA47-4FF9-9E60-D861F2852A22}.Release|Any CPU.ActiveCfg = Release|Any CPU
		{C6C44B66-EA47-4FF9-9E60-D861F2852A22}.Release|Any CPU.Build.0 = Release|Any CPU
	EndGlobalSection
	GlobalSection(SolutionProperties) = preSolution
		HideSolutionNode = FALSE
	EndGlobalSection
	GlobalSection(ExtensibilityGlobals) = postSolution
		SolutionGuid = {0CFC356C-52C1-483F-B03F-A4D76B073209}
	EndGlobalSection
EndGlobal
